<?xml version="1.0" encoding="utf-8"?>
<Project ToolsVersion="4.0" xmlns="http://schemas.microsoft.com/developer/msbuild/2003">
  <ItemGroup>
    <Filter Include="Source Files">
      <UniqueIdentifier>{4FC737F1-C7A5-4376-A066-2A32D752A2FF}</UniqueIdentifier>
      <Extensions>cpp;c;cc;cxx;c++;cppm;ixx;def;odl;idl;hpj;bat;asm;asmx</Extensions>
    </Filter>
    <Filter Include="Header Files">
      <UniqueIdentifier>{93995380-89BD-4b04-88EB-625FBE52EBFB}</UniqueIdentifier>
      <Extensions>h;hh;hpp;hxx;h++;hm;inl;inc;ipp;xsd</Extensions>
    </Filter>
    <Filter Include="Header Files\Objects">
      <UniqueIdentifier>{f14eca50-9763-4046-b563-e84e8c9388cf}</UniqueIdentifier>
    </Filter>
    <Filter Include="Header Files\System">
      <UniqueIdentifier>{19d85441-d6d2-4978-a0b9-5b8f30bfd658}</UniqueIdentifier>
    </Filter>
    <Filter Include="Source Files\System">
      <UniqueIdentifier>{d832f148-ab65-455c-9f91-2ef005c6acbc}</UniqueIdentifier>
    </Filter>
    <Filter Include="Source Files\Objects">
      <UniqueIdentifier>{abb97be3-0712-42eb-aec9-3ffd43e1711b}</UniqueIdentifier>
    </Filter>
    <Filter Include="Header Files\Objects\Ship">
      <UniqueIdentifier>{7c1e3b5c-779f-41bd-9479-24c3a130bb1f}</UniqueIdentifier>
    </Filter>
    <Filter Include="Source Files\Objects\Ship">
      <UniqueIdentifier>{23cba83a-3678-42de-9718-a23653c856e4}</UniqueIdentifier>
    </Filter>
    <Filter Include="Header Files\Services">
      <UniqueIdentifier>{4c5898f4-87ab-49cf-9446-89bedf3f3f40}</UniqueIdentifier>
    </Filter>
    <Filter Include="Source Files\Services">
      <UniqueIdentifier>{606f720f-85c8-44c1-9edc-0e3f07ff13de}</UniqueIdentifier>
    </Filter>
    <Filter Include="Header Files\Levels">
      <UniqueIdentifier>{9bcdd83a-30b7-4b94-865e-1c2a6b18acfb}</UniqueIdentifier>
    </Filter>
    <Filter Include="Source Files\Levels">
      <UniqueIdentifier>{91eb2574-69ba-4975-b723-e9067ec62430}</UniqueIdentifier>
    </Filter>
    <Filter Include="Header Files\Levels\MainScreen">
      <UniqueIdentifier>{557167fb-c736-4861-9079-10e22998a6f4}</UniqueIdentifier>
    </Filter>
    <Filter Include="Source Files\Levels\MainScreen">
      <UniqueIdentifier>{23956d42-7239-4da9-a73c-b6552ee65366}</UniqueIdentifier>
    </Filter>
    <Filter Include="Resource Files">
      <UniqueIdentifier>{67DA6AB6-F800-4c08-8B7A-83BB121AAD01}</UniqueIdentifier>
      <Extensions>rc;ico;cur;bmp;dlg;rc2;rct;bin;rgs;gif;jpg;jpeg;jpe;resx;tiff;tif;png;wav;mfcribbon-ms</Extensions>
    </Filter>
    <Filter Include="Source Files\Levels\Level1">
      <UniqueIdentifier>{3c91db06-5333-40a9-bfbe-d94cee8adca7}</UniqueIdentifier>
    </Filter>
    <Filter Include="Source Files\Levels\General">
      <UniqueIdentifier>{1aa2101d-64de-4af6-97ad-9443df59e4d6}</UniqueIdentifier>
    </Filter>
    <Filter Include="Header Files\Levels\General">
      <UniqueIdentifier>{aca3f46b-d87c-414d-9093-a8879e38d087}</UniqueIdentifier>
    </Filter>
    <Filter Include="Header Files\Levels\Level1">
      <UniqueIdentifier>{c80fba55-ed63-4afe-8d37-f5a79fb8718f}</UniqueIdentifier>
    </Filter>
    <Filter Include="Header Files\consts">
      <UniqueIdentifier>{13370600-9580-4abf-a91b-1b764cbd17d2}</UniqueIdentifier>
    </Filter>
    <Filter Include="Source Files\consts">
      <UniqueIdentifier>{e0504894-4e31-49ec-b701-025487668431}</UniqueIdentifier>
    </Filter>
  </ItemGroup>
  <ItemGroup>
    <ClCompile Include="src\Main.cpp">
      <Filter>Source Files</Filter>
    </ClCompile>
    <ClCompile Include="src\Background.cpp">
      <Filter>Source Files\Objects</Filter>
    </ClCompile>
    <ClCompile Include="src\Projectile.cpp">
      <Filter>Source Files\Objects</Filter>
    </ClCompile>
    <ClCompile Include="src\WeaponModule.cpp">
      <Filter>Source Files\Objects</Filter>
    </ClCompile>
    <ClCompile Include="src\App.cpp">
      <Filter>Source Files\System</Filter>
    </ClCompile>
    <ClCompile Include="src\Audio.cpp">
      <Filter>Source Files\System</Filter>
    </ClCompile>
    <ClCompile Include="src\Loop.cpp">
      <Filter>Source Files\System</Filter>
    </ClCompile>
    <ClCompile Include="src\Texture.cpp">
      <Filter>Source Files\Objects</Filter>
    </ClCompile>
    <ClCompile Include="src\Ship.cpp">
      <Filter>Source Files\Objects\Ship</Filter>
    </ClCompile>
    <ClCompile Include="src\EnemyShip.cpp">
      <Filter>Source Files\Objects\Ship</Filter>
    </ClCompile>
    <ClCompile Include="src\Vector2.cpp">
      <Filter>Source Files\Services</Filter>
    </ClCompile>
    <ClCompile Include="src\Timer.cpp">
      <Filter>Source Files\Services</Filter>
    </ClCompile>
    <ClCompile Include="src\PlayerShip.cpp">
      <Filter>Source Files\Objects\Ship</Filter>
    </ClCompile>
    <ClCompile Include="src\BezierPath.cpp">
      <Filter>Source Files\Services</Filter>
    </ClCompile>
    <ClCompile Include="src\MainScreen.cpp">
      <Filter>Source Files\Levels\MainScreen</Filter>
    </ClCompile>
    <ClCompile Include="src\ControlPanel.cpp">
      <Filter>Source Files\Levels\MainScreen</Filter>
    </ClCompile>
    <ClCompile Include="src\Level1.cpp">
      <Filter>Source Files\Levels\Level1</Filter>
    </ClCompile>
    <ClCompile Include="src\PauseView.cpp">
      <Filter>Source Files\Levels\General</Filter>
    </ClCompile>
    <ClCompile Include="src\Hood.cpp">
      <Filter>Source Files\Levels\General</Filter>
    </ClCompile>
    <ClCompile Include="src\LevelBase.cpp">
      <Filter>Source Files\Levels\General</Filter>
    </ClCompile>
    <ClCompile Include="src\LevelManager.cpp">
      <Filter>Source Files\Levels\General</Filter>
    </ClCompile>
    <ClCompile Include="src\ShipConsts.cpp">
      <Filter>Source Files\consts</Filter>
    </ClCompile>
    <ClCompile Include="src\Collidable.cpp">
      <Filter>Source Files\Objects</Filter>
    </ClCompile>
    <ClCompile Include="src\FlyingProjectile.cpp">
      <Filter>Source Files\Objects</Filter>
    </ClCompile>
    <ClCompile Include="src\Settings.cpp">
      <Filter>Source Files\Levels\General</Filter>
    </ClCompile>
  </ItemGroup>
  <ItemGroup>
    <ClInclude Include="src\Projectile.h">
      <Filter>Header Files\Objects</Filter>
    </ClInclude>
    <ClInclude Include="src\Texture.h">
      <Filter>Header Files\Objects</Filter>
    </ClInclude>
    <ClInclude Include="src\Background.h">
      <Filter>Header Files\Objects</Filter>
    </ClInclude>
    <ClInclude Include="src\App.h">
      <Filter>Header Files\System</Filter>
    </ClInclude>
    <ClInclude Include="src\Audio.h">
      <Filter>Header Files\System</Filter>
    </ClInclude>
    <ClInclude Include="src\Loop.h">
      <Filter>Header Files\System</Filter>
    </ClInclude>
    <ClInclude Include="src\WeaponModule.h">
      <Filter>Header Files\Objects</Filter>
    </ClInclude>
    <ClInclude Include="src\Object.h">
      <Filter>Header Files\Objects</Filter>
    </ClInclude>
    <ClInclude Include="src\Ship.h">
      <Filter>Header Files\Objects\Ship</Filter>
    </ClInclude>
    <ClInclude Include="src\EnemyShip.h">
      <Filter>Header Files\Objects\Ship</Filter>
    </ClInclude>
    <ClInclude Include="src\Vector2.h">
      <Filter>Header Files\Services</Filter>
    </ClInclude>
    <ClInclude Include="src\Timer.h">
      <Filter>Header Files\Services</Filter>
    </ClInclude>
    <ClInclude Include="src\PlayerShip.h">
      <Filter>Header Files\Objects\Ship</Filter>
    </ClInclude>
    <ClInclude Include="src\BezierPath.h">
      <Filter>Header Files\Services</Filter>
    </ClInclude>
    <ClInclude Include="src\MainScreen.h">
      <Filter>Header Files\Levels\MainScreen</Filter>
    </ClInclude>
    <ClInclude Include="src\ControlPanel.h">
      <Filter>Header Files\Levels\MainScreen</Filter>
    </ClInclude>
    <ClInclude Include="src\Level1.h">
      <Filter>Header Files\Levels\Level1</Filter>
    </ClInclude>
    <ClInclude Include="src\Hood.h">
      <Filter>Header Files\Levels\General</Filter>
    </ClInclude>
    <ClInclude Include="src\LevelBase.h">
      <Filter>Header Files\Levels\General</Filter>
    </ClInclude>
    <ClInclude Include="src\LevelManager.h">
      <Filter>Header Files\Levels\General</Filter>
    </ClInclude>
    <ClInclude Include="src\PauseView.h">
      <Filter>Header Files\Levels\General</Filter>
    </ClInclude>
    <ClInclude Include="src\Consts.h">
      <Filter>Header Files\consts</Filter>
    </ClInclude>
    <ClInclude Include="src\ShipConsts.h">
      <Filter>Header Files\consts</Filter>
    </ClInclude>
    <ClInclude Include="src\Collidable.h">
      <Filter>Header Files\Objects</Filter>
    </ClInclude>
    <ClInclude Include="src\FlyingProjectile.h">
      <Filter>Header Files\Objects</Filter>
    </ClInclude>
    <ClInclude Include="src\SoundConst.h">
      <Filter>Header Files\consts</Filter>
    </ClInclude>
    <ClInclude Include="src\Settings.h">
      <Filter>Header Files\Levels\General</Filter>
    </ClInclude>
    <ClInclude Include="src\SettingsConsts.h">
      <Filter>Header Files\consts</Filter>
    </ClInclude>
    <ClInclude Include="src\PanelConsts.h">
      <Filter>Header Files\consts</Filter>
    </ClInclude>
  </ItemGroup>
  <ItemGroup>
    <None Include="Galaxian.aps" />
    <None Include=".gitignore" />
    <None Include="res\store\settings.bin">
      <Filter>Resource Files</Filter>
    </None>
  </ItemGroup>
  <ItemGroup>
    <Media Include="res\lvl1.mp3">
      <Filter>Resource Files</Filter>
    </Media>
    <Media Include="src\res\lvl1.mp3">
      <Filter>Resource Files</Filter>
    </Media>
    <Media Include="res\blast.mp3">
      <Filter>Resource Files</Filter>
    </Media>
    <Media Include="G:\My Drive\preparedSprites\sounds\game_over.mp3" />
    <Media Include="res\game_over.mp3" />
    <Media Include="res\pirate_explosion.mp3" />
  </ItemGroup>
  <ItemGroup>
    <Image Include="src\res\rocket2.png">
      <Filter>Resource Files</Filter>
    </Image>
    <Image Include="src\res\rocket3.png">
      <Filter>Resource Files</Filter>
    </Image>
    <Image Include="src\res\shipA.png">
      <Filter>Resource Files</Filter>
    </Image>
    <Image Include="src\res\space.png">
      <Filter>Resource Files</Filter>
    </Image>
    <Image Include="res\rocket2.png">
      <Filter>Resource Files</Filter>
    </Image>
    <Image Include="res\rocket3.png">
      <Filter>Resource Files</Filter>
    </Image>
    <Image Include="res\shipA.png">
      <Filter>Resource Files</Filter>
    </Image>
    <Image Include="res\space.png">
      <Filter>Resource Files</Filter>
    </Image>
    <Image Include="res\main_screen_bg.png">
      <Filter>Resource Files</Filter>
    </Image>
    <Image Include="res\pirateA.png">
      <Filter>Resource Files</Filter>
    </Image>
    <Image Include="C:\Users\humanz\Desktop\shipA resized\sprite\explosion\explosion_sonicA.png">
      <Filter>Resource Files</Filter>
    </Image>
    <Image Include="res\explosion_sonicA.png">
      <Filter>Resource Files</Filter>
    </Image>
    <Image Include="res\explosion_pirateA.png">
      <Filter>Resource Files</Filter>
    </Image>
  </ItemGroup>
  <ItemGroup>
    <Font Include="res\Staatliches-Regular.ttf">
      <Filter>Resource Files</Filter>
    </Font>
  </ItemGroup>
</Project>